# @generated - this file is auto-generated by `mise lock` https://mise.jdx.dev/dev-tools/mise-lock.html

lockfile_version = 1

[[tools."aqua:WebAssembly/binaryen"]]
version = "132"
backend = "aqua:WebAssembly/binaryen"
specifiers = ["132"]

[tools."aqua:WebAssembly/binaryen"."platforms.linux-x64"]
checksum = "sha256:195ddc94f9bc89f45abdabb0b9eea86023d727ba90eac8b35b80f2544fc30572"
url = "https://github.com/WebAssembly/binaryen/releases/download/version_132/binaryen-version_132-x86_64-linux.tar.gz"
url_api = "https://api.github.com/repos/WebAssembly/binaryen/releases/assets/512132895"

[tools."aqua:WebAssembly/binaryen"."platforms.linux-x64-baseline"]
checksum = "sha256:195ddc94f9bc89f45abdabb0b9eea86023d727ba90eac8b35b80f2544fc30572"
url = "https://github.com/WebAssembly/binaryen/releases/download/version_132/binaryen-version_132-x86_64-linux.tar.gz"
url_api = "https://api.github.com/repos/WebAssembly/binaryen/releases/assets/512132895"

[tools."aqua:WebAssembly/binaryen"."platforms.linux-x64-musl"]
checksum = "sha256:195ddc94f9bc89f45abdabb0b9eea86023d727ba90eac8b35b80f2544fc30572"
url = "https://github.com/WebAssembly/binaryen/releases/download/version_132/binaryen-version_132-x86_64-linux.tar.gz"
url_api = "https://api.github.com/repos/WebAssembly/binaryen/releases/assets/512132895"

[tools."aqua:WebAssembly/binaryen"."platforms.linux-x64-musl-baseline"]
checksum = "sha256:195ddc94f9bc89f45abdabb0b9eea86023d727ba90eac8b35b80f2544fc30572"
url = "https://github.com/WebAssembly/binaryen/releases/download/version_132/binaryen-version_132-x86_64-linux.tar.gz"
url_api = "https://api.github.com/repos/WebAssembly/binaryen/releases/assets/512132895"

[tools."aqua:WebAssembly/binaryen"."platforms.macos-arm64"]
checksum = "sha256:98aad827847af7ef990ed7098d885725c8e5b5aae75073403635617ae4e259aa"
url = "https://github.com/WebAssembly/binaryen/releases/download/version_132/binaryen-version_132-arm64-macos.tar.gz"
url_api = "https://api.github.com/repos/WebAssembly/binaryen/releases/assets/512131753"

[tools."aqua:WebAssembly/binaryen"."platforms.macos-x64"]
checksum = "sha256:40c3de90bb3766bd0282a895e139a6f50253dba49b4f5bb89e66faca162d832e"
url = "https://github.com/WebAssembly/binaryen/releases/download/version_132/binaryen-version_132-x86_64-macos.tar.gz"
url_api = "https://api.github.com/repos/WebAssembly/binaryen/releases/assets/512131754"

[tools."aqua:WebAssembly/binaryen"."platforms.macos-x64-baseline"]
checksum = "sha256:40c3de90bb3766bd0282a895e139a6f50253dba49b4f5bb89e66faca162d832e"
url = "https://github.com/WebAssembly/binaryen/releases/download/version_132/binaryen-version_132-x86_64-macos.tar.gz"
url_api = "https://api.github.com/repos/WebAssembly/binaryen/releases/assets/512131754"

[tools."aqua:WebAssembly/binaryen"."platforms.windows-arm64"]
checksum = "sha256:1dd7dfac7d4a6021619e6f75dd8475e528d75928d3f0b084f4068fabac694442"
url = "https://github.com/WebAssembly/binaryen/releases/download/version_132/binaryen-version_132-arm64-windows.tar.gz"
url_api = "https://api.github.com/repos/WebAssembly/binaryen/releases/assets/512128185"

[tools."aqua:WebAssembly/binaryen"."platforms.windows-x64"]
checksum = "sha256:2089428ec98c899b45ee5d00636ddd6e2da8636cc473ef50b165cc25793ef7cb"
url = "https://github.com/WebAssembly/binaryen/releases/download/version_132/binaryen-version_132-x86_64-windows.tar.gz"
url_api = "https://api.github.com/repos/WebAssembly/binaryen/releases/assets/512142865"

[tools."aqua:WebAssembly/binaryen"."platforms.windows-x64-baseline"]
checksum = "sha256:2089428ec98c899b45ee5d00636ddd6e2da8636cc473ef50b165cc25793ef7cb"
url = "https://github.com/WebAssembly/binaryen/releases/download/version_132/binaryen-version_132-x86_64-windows.tar.gz"
url_api = "https://api.github.com/repos/WebAssembly/binaryen/releases/assets/512142865"

[[tools."aqua:lycheeverse/lychee"]]
version = "0.24.2"
backend = "aqua:lycheeverse/lychee"
specifiers = ["0.24.2"]

[tools."aqua:lycheeverse/lychee"."platforms.linux-arm64"]
checksum = "sha256:91a7bd65685da41b90ccb9bc867a3d649a7818042dae04ff405e55a25bddee4c"
url = "https://github.com/lycheeverse/lychee/releases/download/lychee-v0.24.2/lychee-aarch64-unknown-linux-gnu.tar.gz"
url_api = "https://api.github.com/repos/lycheeverse/lychee/releases/assets/409959442"

[tools."aqua:lycheeverse/lychee"."platforms.linux-arm64-musl"]
checksum = "sha256:5d0b0e3aeab240f41920c633a6eaf97599be6eedda034b36e858ede7dba5e535"
url = "https://github.com/lycheeverse/lychee/releases/download/lychee-v0.24.2/lychee-aarch64-unknown-linux-musl.tar.gz"
url_api = "https://api.github.com/repos/lycheeverse/lychee/releases/assets/409958602"

[tools."aqua:lycheeverse/lychee"."platforms.linux-x64"]
checksum = "sha256:1f4e0ef7f6554a6ed33dd7ac144fb2e1bbed98598e7af973042fc5cd43951c9a"
url = "https://github.com/lycheeverse/lychee/releases/download/lychee-v0.24.2/lychee-x86_64-unknown-linux-gnu.tar.gz"
url_api = "https://api.github.com/repos/lycheeverse/lychee/releases/assets/409959156"

[tools."aqua:lycheeverse/lychee"."platforms.linux-x64-baseline"]
checksum = "sha256:1f4e0ef7f6554a6ed33dd7ac144fb2e1bbed98598e7af973042fc5cd43951c9a"
url = "https://github.com/lycheeverse/lychee/releases/download/lychee-v0.24.2/lychee-x86_64-unknown-linux-gnu.tar.gz"
url_api = "https://api.github.com/repos/lycheeverse/lychee/releases/assets/409959156"

[tools."aqua:lycheeverse/lychee"."platforms.linux-x64-musl"]
checksum = "sha256:73657a111819a30c47c08352896796f23d64e4eb2b3ed39b6d32149241566fc5"
url = "https://github.com/lycheeverse/lychee/releases/download/lychee-v0.24.2/lychee-x86_64-unknown-linux-musl.tar.gz"
url_api = "https://api.github.com/repos/lycheeverse/lychee/releases/assets/409959271"

[tools."aqua:lycheeverse/lychee"."platforms.linux-x64-musl-baseline"]
checksum = "sha256:73657a111819a30c47c08352896796f23d64e4eb2b3ed39b6d32149241566fc5"
url = "https://github.com/lycheeverse/lychee/releases/download/lychee-v0.24.2/lychee-x86_64-unknown-linux-musl.tar.gz"
url_api = "https://api.github.com/repos/lycheeverse/lychee/releases/assets/409959271"

[tools."aqua:lycheeverse/lychee"."platforms.macos-arm64"]
checksum = "sha256:c9d3740ea2d891854d37116c9fba840f37b6e7c89d330e7db84ac333631c4977"
url = "https://github.com/lycheeverse/lychee/releases/download/lychee-v0.24.2/lychee-aarch64-apple-darwin.tar.gz"
url_api = "https://api.github.com/repos/lycheeverse/lychee/releases/assets/409957951"

[tools."aqua:lycheeverse/lychee"."platforms.macos-x64"]
checksum = "sha256:887503a9cff667d322b8d0892b40bf49976eb9507af8483220a3706cdad55978"
url = "https://github.com/lycheeverse/lychee/releases/download/lychee-v0.24.2/lychee-x86_64-apple-darwin.tar.gz"
url_api = "https://api.github.com/repos/lycheeverse/lychee/releases/assets/409957687"

[tools."aqua:lycheeverse/lychee"."platforms.macos-x64-baseline"]
checksum = "sha256:887503a9cff667d322b8d0892b40bf49976eb9507af8483220a3706cdad55978"
url = "https://github.com/lycheeverse/lychee/releases/download/lychee-v0.24.2/lychee-x86_64-apple-darwin.tar.gz"
url_api = "https://api.github.com/repos/lycheeverse/lychee/releases/assets/409957687"

[tools."aqua:lycheeverse/lychee"."platforms.windows-arm64"]
checksum = "sha256:32975d1493ee1a975d6bb41e4fb56fe419cb442ded628bb772ba2e614acfacad"
url = "https://github.com/lycheeverse/lychee/releases/download/lychee-v0.24.2/lychee-x86_64-pc-windows-msvc.zip"
url_api = "https://api.github.com/repos/lycheeverse/lychee/releases/assets/409959491"

[tools."aqua:lycheeverse/lychee"."platforms.windows-x64"]
checksum = "sha256:32975d1493ee1a975d6bb41e4fb56fe419cb442ded628bb772ba2e614acfacad"
url = "https://github.com/lycheeverse/lychee/releases/download/lychee-v0.24.2/lychee-x86_64-pc-windows-msvc.zip"
url_api = "https://api.github.com/repos/lycheeverse/lychee/releases/assets/409959491"

[tools."aqua:lycheeverse/lychee"."platforms.windows-x64-baseline"]
checksum = "sha256:32975d1493ee1a975d6bb41e4fb56fe419cb442ded628bb772ba2e614acfacad"
url = "https://github.com/lycheeverse/lychee/releases/download/lychee-v0.24.2/lychee-x86_64-pc-windows-msvc.zip"
url_api = "https://api.github.com/repos/lycheeverse/lychee/releases/assets/409959491"

[[tools."aqua:mitsuhiko/insta"]]
version = "1.48.0"
backend = "aqua:mitsuhiko/insta"
specifiers = ["1.48.0"]

[tools."aqua:mitsuhiko/insta"."platforms.linux-x64"]
checksum = "sha256:1c05a480a5a7f755f0ea15b2d8e2f71ad51b9c3a270d38ac72005c57ac0a1487"
url = "https://github.com/mitsuhiko/insta/releases/download/1.48.0/cargo-insta-x86_64-unknown-linux-gnu.tar.xz"
url_api = "https://api.github.com/repos/mitsuhiko/insta/releases/assets/444757866"

[tools."aqua:mitsuhiko/insta"."platforms.linux-x64-baseline"]
checksum = "sha256:1c05a480a5a7f755f0ea15b2d8e2f71ad51b9c3a270d38ac72005c57ac0a1487"
url = "https://github.com/mitsuhiko/insta/releases/download/1.48.0/cargo-insta-x86_64-unknown-linux-gnu.tar.xz"
url_api = "https://api.github.com/repos/mitsuhiko/insta/releases/assets/444757866"

[tools."aqua:mitsuhiko/insta"."platforms.linux-x64-musl"]
checksum = "sha256:703aa7d151ae59cac0bf8e7c2c27da4aca8070f3cb178f624ae10621ef77f5f5"
url = "https://github.com/mitsuhiko/insta/releases/download/1.48.0/cargo-insta-x86_64-unknown-linux-musl.tar.xz"
url_api = "https://api.github.com/repos/mitsuhiko/insta/releases/assets/444757872"

[tools."aqua:mitsuhiko/insta"."platforms.linux-x64-musl-baseline"]
checksum = "sha256:703aa7d151ae59cac0bf8e7c2c27da4aca8070f3cb178f624ae10621ef77f5f5"
url = "https://github.com/mitsuhiko/insta/releases/download/1.48.0/cargo-insta-x86_64-unknown-linux-musl.tar.xz"
url_api = "https://api.github.com/repos/mitsuhiko/insta/releases/assets/444757872"

[tools."aqua:mitsuhiko/insta"."platforms.macos-arm64"]
checksum = "sha256:26f081f5bf62d1dc03aae9c4137188d66a2debe6bcaf2884f2153fcb6eda27cb"
url = "https://github.com/mitsuhiko/insta/releases/download/1.48.0/cargo-insta-aarch64-apple-darwin.tar.xz"
url_api = "https://api.github.com/repos/mitsuhiko/insta/releases/assets/444757856"

[tools."aqua:mitsuhiko/insta"."platforms.macos-x64"]
checksum = "sha256:e2d6d6fa4bcb30f7d4834f6254a6da7f2982a9e9a3882695aca5e83d64231267"
url = "https://github.com/mitsuhiko/insta/releases/download/1.48.0/cargo-insta-x86_64-apple-darwin.tar.xz"
url_api = "https://api.github.com/repos/mitsuhiko/insta/releases/assets/444757859"

[tools."aqua:mitsuhiko/insta"."platforms.macos-x64-baseline"]
checksum = "sha256:e2d6d6fa4bcb30f7d4834f6254a6da7f2982a9e9a3882695aca5e83d64231267"
url = "https://github.com/mitsuhiko/insta/releases/download/1.48.0/cargo-insta-x86_64-apple-darwin.tar.xz"
url_api = "https://api.github.com/repos/mitsuhiko/insta/releases/assets/444757859"

[tools."aqua:mitsuhiko/insta"."platforms.windows-arm64"]
checksum = "sha256:7e23929588aaf5daff1e93bfc4addca7ccf55195444e84552b6588c9d864642e"
url = "https://github.com/mitsuhiko/insta/releases/download/1.48.0/cargo-insta-x86_64-pc-windows-msvc.zip"
url_api = "https://api.github.com/repos/mitsuhiko/insta/releases/assets/444757862"

[tools."aqua:mitsuhiko/insta"."platforms.windows-x64"]
checksum = "sha256:7e23929588aaf5daff1e93bfc4addca7ccf55195444e84552b6588c9d864642e"
url = "https://github.com/mitsuhiko/insta/releases/download/1.48.0/cargo-insta-x86_64-pc-windows-msvc.zip"
url_api = "https://api.github.com/repos/mitsuhiko/insta/releases/assets/444757862"

[tools."aqua:mitsuhiko/insta"."platforms.windows-x64-baseline"]
checksum = "sha256:7e23929588aaf5daff1e93bfc4addca7ccf55195444e84552b6588c9d864642e"
url = "https://github.com/mitsuhiko/insta/releases/download/1.48.0/cargo-insta-x86_64-pc-windows-msvc.zip"
url_api = "https://api.github.com/repos/mitsuhiko/insta/releases/assets/444757862"

[[tools."aqua:taiki-e/cargo-llvm-cov"]]
version = "0.9.0"
backend = "aqua:taiki-e/cargo-llvm-cov"
specifiers = ["0.9.0"]

[tools."aqua:taiki-e/cargo-llvm-cov"."platforms.linux-arm64"]
checksum = "sha256:9af53b273e50d01d8bde8785de8541f6738cc4375248cd7683aec8b5768b9d21"
url = "https://github.com/taiki-e/cargo-llvm-cov/releases/download/v0.9.0/cargo-llvm-cov-aarch64-unknown-linux-gnu.tar.gz"
url_api = "https://api.github.com/repos/taiki-e/cargo-llvm-cov/releases/assets/517185425"
provenance = "github-attestations"

[tools."aqua:taiki-e/cargo-llvm-cov"."platforms.linux-arm64-musl"]
checksum = "sha256:3c299780e109d59fd77044e64734421d43c0067b92937a49be302fee66d04727"
url = "https://github.com/taiki-e/cargo-llvm-cov/releases/download/v0.9.0/cargo-llvm-cov-aarch64-unknown-linux-musl.tar.gz"
url_api = "https://api.github.com/repos/taiki-e/cargo-llvm-cov/releases/assets/517184933"
provenance = "github-attestations"

[tools."aqua:taiki-e/cargo-llvm-cov"."platforms.linux-x64"]
checksum = "sha256:b068f7c98841aacb9c4f382b4a0c184ae82f49b56a32d442b429b2961c73be15"
url = "https://github.com/taiki-e/cargo-llvm-cov/releases/download/v0.9.0/cargo-llvm-cov-x86_64-unknown-linux-gnu.tar.gz"
url_api = "https://api.github.com/repos/taiki-e/cargo-llvm-cov/releases/assets/517184759"
provenance = "github-attestations"

[tools."aqua:taiki-e/cargo-llvm-cov"."platforms.linux-x64-baseline"]
checksum = "sha256:b068f7c98841aacb9c4f382b4a0c184ae82f49b56a32d442b429b2961c73be15"
url = "https://github.com/taiki-e/cargo-llvm-cov/releases/download/v0.9.0/cargo-llvm-cov-x86_64-unknown-linux-gnu.tar.gz"
url_api = "https://api.github.com/repos/taiki-e/cargo-llvm-cov/releases/assets/517184759"
provenance = "github-attestations"

[tools."aqua:taiki-e/cargo-llvm-cov"."platforms.linux-x64-musl"]
checksum = "sha256:bc2122fd7bd9b6d3eb371690ed085f82e5a8bf1851f4645ef521d12ed04b2616"
url = "https://github.com/taiki-e/cargo-llvm-cov/releases/download/v0.9.0/cargo-llvm-cov-x86_64-unknown-linux-musl.tar.gz"
url_api = "https://api.github.com/repos/taiki-e/cargo-llvm-cov/releases/assets/517184784"
provenance = "github-attestations"

[tools."aqua:taiki-e/cargo-llvm-cov"."platforms.linux-x64-musl-baseline"]
checksum = "sha256:bc2122fd7bd9b6d3eb371690ed085f82e5a8bf1851f4645ef521d12ed04b2616"
url = "https://github.com/taiki-e/cargo-llvm-cov/releases/download/v0.9.0/cargo-llvm-cov-x86_64-unknown-linux-musl.tar.gz"
url_api = "https://api.github.com/repos/taiki-e/cargo-llvm-cov/releases/assets/517184784"
provenance = "github-attestations"

[tools."aqua:taiki-e/cargo-llvm-cov"."platforms.macos-arm64"]
checksum = "sha256:1bbf5dc8ad82e0f6ff0eb923aa6a691c760adb60f797cdcb454e204b9399c4f0"
url = "https://github.com/taiki-e/cargo-llvm-cov/releases/download/v0.9.0/cargo-llvm-cov-aarch64-apple-darwin.tar.gz"
url_api = "https://api.github.com/repos/taiki-e/cargo-llvm-cov/releases/assets/517184633"
provenance = "github-attestations"

[tools."aqua:taiki-e/cargo-llvm-cov"."platforms.macos-x64"]
checksum = "sha256:4595bc9310b009913570514eb0ff7c3aba74902562578038f1700d611783fdc2"
url = "https://github.com/taiki-e/cargo-llvm-cov/releases/download/v0.9.0/cargo-llvm-cov-x86_64-apple-darwin.tar.gz"
url_api = "https://api.github.com/repos/taiki-e/cargo-llvm-cov/releases/assets/517184799"
provenance = "github-attestations"

[tools."aqua:taiki-e/cargo-llvm-cov"."platforms.macos-x64-baseline"]
checksum = "sha256:4595bc9310b009913570514eb0ff7c3aba74902562578038f1700d611783fdc2"
url = "https://github.com/taiki-e/cargo-llvm-cov/releases/download/v0.9.0/cargo-llvm-cov-x86_64-apple-darwin.tar.gz"
url_api = "https://api.github.com/repos/taiki-e/cargo-llvm-cov/releases/assets/517184799"
provenance = "github-attestations"

[tools."aqua:taiki-e/cargo-llvm-cov"."platforms.windows-arm64"]
checksum = "sha256:49494b25effe07cc15d22b7f791cd874f8f789d96cdb4e395b06bfcdfa77f852"
url = "https://github.com/taiki-e/cargo-llvm-cov/releases/download/v0.9.0/cargo-llvm-cov-x86_64-pc-windows-msvc.tar.gz"
url_api = "https://api.github.com/repos/taiki-e/cargo-llvm-cov/releases/assets/517185668"
provenance = "github-attestations"

[tools."aqua:taiki-e/cargo-llvm-cov"."platforms.windows-x64"]
checksum = "sha256:49494b25effe07cc15d22b7f791cd874f8f789d96cdb4e395b06bfcdfa77f852"
url = "https://github.com/taiki-e/cargo-llvm-cov/releases/download/v0.9.0/cargo-llvm-cov-x86_64-pc-windows-msvc.tar.gz"
url_api = "https://api.github.com/repos/taiki-e/cargo-llvm-cov/releases/assets/517185668"
provenance = "github-attestations"

[tools."aqua:taiki-e/cargo-llvm-cov"."platforms.windows-x64-baseline"]
checksum = "sha256:49494b25effe07cc15d22b7f791cd874f8f789d96cdb4e395b06bfcdfa77f852"
url = "https://github.com/taiki-e/cargo-llvm-cov/releases/download/v0.9.0/cargo-llvm-cov-x86_64-pc-windows-msvc.tar.gz"
url_api = "https://api.github.com/repos/taiki-e/cargo-llvm-cov/releases/assets/517185668"
provenance = "github-attestations"

[[tools.bun]]
version = "1.4.2"
backend = "core:bun"
specifiers = ["1.4.2"]

[tools.bun."platforms.linux-arm64"]
checksum = "sha256:54328bbc2d9c8e0c9f892c544d66c57a83b84139e34909e5ee81758f1ac8fda7"
url = "https://github.com/oven-sh/bun/releases/download/bun-v1.4.2/bun-linux-aarch64.zip"

[tools.bun."platforms.linux-arm64-musl"]
checksum = "sha256:71760b6c8ea30623b81a4907cb815d48e2ea266f2e73e751534a44a0607950df"
url = "https://github.com/oven-sh/bun/releases/download/bun-v1.4.2/bun-linux-aarch64-musl.zip"

[tools.bun."platforms.linux-x64"]
checksum = "sha256:36368faef7527875d5ffa52e53cd48021741f2a83eb6208a8dd64068d422a913"
url = "https://github.com/oven-sh/bun/releases/download/bun-v1.4.2/bun-linux-x64.zip"

[tools.bun."platforms.linux-x64-baseline"]
checksum = "sha256:c678040f14fe0440eb839d37cbd0ce4c051a32da72806ac97de6a6aab6bf728f"
url = "https://github.com/oven-sh/bun/releases/download/bun-v1.4.2/bun-linux-x64-baseline.zip"

[tools.bun."platforms.linux-x64-musl"]
checksum = "sha256:4835eca59d6da70f4674f5642f6e459dcadab773695b2ed9922d131057989742"
url = "https://github.com/oven-sh/bun/releases/download/bun-v1.4.2/bun-linux-x64-musl.zip"

[tools.bun."platforms.linux-x64-musl-baseline"]
checksum = "sha256:76e1db84e98f22f78de0a87e309bfbbf297732847f9720db36750646c85c8c18"
url = "https://github.com/oven-sh/bun/releases/download/bun-v1.4.2/bun-linux-x64-musl-baseline.zip"

[tools.bun."platforms.macos-arm64"]
checksum = "sha256:90987a3a16d7db556d886ac3d551e7b6d3edf0a1cf43acaed622e8676be1d12f"
url = "https://github.com/oven-sh/bun/releases/download/bun-v1.4.2/bun-darwin-aarch64.zip"

[tools.bun."platforms.macos-x64"]
checksum = "sha256:80520d7e17526308c9185d261679ac6d27798d3803a0e9f7ff9121ab8affb012"
url = "https://github.com/oven-sh/bun/releases/download/bun-v1.4.2/bun-darwin-x64.zip"

[tools.bun."platforms.macos-x64-baseline"]
checksum = "sha256:bad5bbd6cf14d0980d115f5954c9ff904df619d5e994d2da1ffccd3f316300b0"
url = "https://github.com/oven-sh/bun/releases/download/bun-v1.4.2/bun-darwin-x64-baseline.zip"

[tools.bun."platforms.windows-arm64"]
checksum = "sha256:a7a16b876a305fd1029c66dbd27007b4f6112ae896532f675878731a21e50cfd"
url = "https://github.com/oven-sh/bun/releases/download/bun-v1.4.2/bun-windows-aarch64.zip"

[tools.bun."platforms.windows-x64"]
checksum = "sha256:ce4c17497b2f29712a99d3d53f028de28cd42e3bacb8589599e7f000e49b6405"
url = "https://github.com/oven-sh/bun/releases/download/bun-v1.4.2/bun-windows-x64.zip"

[tools.bun."platforms.windows-x64-baseline"]
checksum = "sha256:78c221c2376f79731ccf4e4af0b3bb46d81fefa3296c5abee09ad8a1b21e68c6"
url = "https://github.com/oven-sh/bun/releases/download/bun-v1.4.2/bun-windows-x64-baseline.zip"

[[tools."github:bnjbvr/cargo-machete"]]
version = "0.9.2"
backend = "github:bnjbvr/cargo-machete"
specifiers = ["0.9.2"]

[tools."github:bnjbvr/cargo-machete"."platforms.linux-arm64"]
checksum = "sha256:6f96c3e6026a5bdd241b6ae600c6fb86c9197c6e189a894f91371baa01fd10f5"
url = "https://github.com/bnjbvr/cargo-machete/releases/download/v0.9.2/cargo-machete-v0.9.2-aarch64-unknown-linux-gnu.tar.gz"
url_api = "https://api.github.com/repos/bnjbvr/cargo-machete/releases/assets/397130991"

[tools."github:bnjbvr/cargo-machete"."platforms.linux-arm64-musl"]
checksum = "sha256:6f96c3e6026a5bdd241b6ae600c6fb86c9197c6e189a894f91371baa01fd10f5"
url = "https://github.com/bnjbvr/cargo-machete/releases/download/v0.9.2/cargo-machete-v0.9.2-aarch64-unknown-linux-gnu.tar.gz"
url_api = "https://api.github.com/repos/bnjbvr/cargo-machete/releases/assets/397130991"

[tools."github:bnjbvr/cargo-machete"."platforms.linux-x64"]
checksum = "sha256:48200087f54c55aabcd4db4af1e25742b49846c02a1b1bfa134711945b35b2e9"
url = "https://github.com/bnjbvr/cargo-machete/releases/download/v0.9.2/cargo-machete-v0.9.2-x86_64-unknown-linux-musl.tar.gz"
url_api = "https://api.github.com/repos/bnjbvr/cargo-machete/releases/assets/397131172"

[tools."github:bnjbvr/cargo-machete"."platforms.linux-x64-baseline"]
checksum = "sha256:48200087f54c55aabcd4db4af1e25742b49846c02a1b1bfa134711945b35b2e9"
url = "https://github.com/bnjbvr/cargo-machete/releases/download/v0.9.2/cargo-machete-v0.9.2-x86_64-unknown-linux-musl.tar.gz"
url_api = "https://api.github.com/repos/bnjbvr/cargo-machete/releases/assets/397131172"

[tools."github:bnjbvr/cargo-machete"."platforms.linux-x64-musl"]
checksum = "sha256:48200087f54c55aabcd4db4af1e25742b49846c02a1b1bfa134711945b35b2e9"
url = "https://github.com/bnjbvr/cargo-machete/releases/download/v0.9.2/cargo-machete-v0.9.2-x86_64-unknown-linux-musl.tar.gz"
url_api = "https://api.github.com/repos/bnjbvr/cargo-machete/releases/assets/397131172"

[tools."github:bnjbvr/cargo-machete"."platforms.linux-x64-musl-baseline"]
checksum = "sha256:48200087f54c55aabcd4db4af1e25742b49846c02a1b1bfa134711945b35b2e9"
url = "https://github.com/bnjbvr/cargo-machete/releases/download/v0.9.2/cargo-machete-v0.9.2-x86_64-unknown-linux-musl.tar.gz"
url_api = "https://api.github.com/repos/bnjbvr/cargo-machete/releases/assets/397131172"

[tools."github:bnjbvr/cargo-machete"."platforms.macos-arm64"]
checksum = "sha256:63e28fee386d82d33f2d12406c857f98e2d4697f3f7df7f71f34dff07fca0fde"
url = "https://github.com/bnjbvr/cargo-machete/releases/download/v0.9.2/cargo-machete-v0.9.2-aarch64-apple-darwin.tar.gz"
url_api = "https://api.github.com/repos/bnjbvr/cargo-machete/releases/assets/397131114"

[tools."github:bnjbvr/cargo-machete"."platforms.macos-x64"]
checksum = "sha256:3e8cb936c9b820f84d047a2b5be8b229b2be67bf2467014885376a6faffdcac3"
url = "https://github.com/bnjbvr/cargo-machete/releases/download/v0.9.2/cargo-machete-v0.9.2-x86_64-apple-darwin.tar.gz"
url_api = "https://api.github.com/repos/bnjbvr/cargo-machete/releases/assets/397131140"

[tools."github:bnjbvr/cargo-machete"."platforms.macos-x64-baseline"]
checksum = "sha256:3e8cb936c9b820f84d047a2b5be8b229b2be67bf2467014885376a6faffdcac3"
url = "https://github.com/bnjbvr/cargo-machete/releases/download/v0.9.2/cargo-machete-v0.9.2-x86_64-apple-darwin.tar.gz"
url_api = "https://api.github.com/repos/bnjbvr/cargo-machete/releases/assets/397131140"

[tools."github:bnjbvr/cargo-machete"."platforms.windows-x64"]
checksum = "sha256:996120ac70afe405c58fce508a476f25bb71032c6fb8013aa0123bba36429c76"
url = "https://github.com/bnjbvr/cargo-machete/releases/download/v0.9.2/cargo-machete-v0.9.2-x86_64-pc-windows-msvc.tar.gz"
url_api = "https://api.github.com/repos/bnjbvr/cargo-machete/releases/assets/397131414"

[tools."github:bnjbvr/cargo-machete"."platforms.windows-x64-baseline"]
checksum = "sha256:996120ac70afe405c58fce508a476f25bb71032c6fb8013aa0123bba36429c76"
url = "https://github.com/bnjbvr/cargo-machete/releases/download/v0.9.2/cargo-machete-v0.9.2-x86_64-pc-windows-msvc.tar.gz"
url_api = "https://api.github.com/repos/bnjbvr/cargo-machete/releases/assets/397131414"

[[tools."github:rustwasm/wasm-bindgen"]]
version = "0.2.128"
backend = "github:rustwasm/wasm-bindgen"
specifiers = ["0.2.128"]

[tools."github:rustwasm/wasm-bindgen"."platforms.linux-arm64"]
checksum = "sha256:2f61267bbef279c2d6357b199649468b073223febde4ae108d30ac3d6b5540af"
url = "https://github.com/wasm-bindgen/wasm-bindgen/releases/download/0.2.128/wasm-bindgen-0.2.128-aarch64-unknown-linux-gnu.tar.gz"
url_api = "https://api.github.com/repos/wasm-bindgen/wasm-bindgen/releases/assets/545035805"
provenance = "github-attestations"

[tools."github:rustwasm/wasm-bindgen"."platforms.linux-x64"]
checksum = "sha256:b51f0208fdff83515a787bd8ab9ac5865ed84dabb66d0c709957bb59793c645f"
url = "https://github.com/wasm-bindgen/wasm-bindgen/releases/download/0.2.128/wasm-bindgen-0.2.128-x86_64-unknown-linux-musl.tar.gz"
url_api = "https://api.github.com/repos/wasm-bindgen/wasm-bindgen/releases/assets/545035799"
provenance = "github-attestations"

[tools."github:rustwasm/wasm-bindgen"."platforms.macos-arm64"]
checksum = "sha256:67ba17f260977725c0b541b516dbb5153538140f079a900329fb6077661b47ab"
url = "https://github.com/wasm-bindgen/wasm-bindgen/releases/download/0.2.128/wasm-bindgen-0.2.128-aarch64-apple-darwin.tar.gz"
url_api = "https://api.github.com/repos/wasm-bindgen/wasm-bindgen/releases/assets/545035806"
provenance = "github-attestations"

[tools."github:rustwasm/wasm-bindgen"."platforms.macos-x64"]
checksum = "sha256:59d9af11d0a61b8019898d555de31153c3a50e7f1797e9849fb38589d16add43"
url = "https://github.com/wasm-bindgen/wasm-bindgen/releases/download/0.2.128/wasm-bindgen-0.2.128-x86_64-apple-darwin.tar.gz"
url_api = "https://api.github.com/repos/wasm-bindgen/wasm-bindgen/releases/assets/545035803"
provenance = "github-attestations"

[tools."github:rustwasm/wasm-bindgen"."platforms.windows-x64"]
checksum = "sha256:8fd8e2165da16b21ee3f5efd19e7f97d8d27cb7832f54edaef4b18e830283ec0"
url = "https://github.com/wasm-bindgen/wasm-bindgen/releases/download/0.2.128/wasm-bindgen-0.2.128-x86_64-pc-windows-msvc.tar.gz"
url_api = "https://api.github.com/repos/wasm-bindgen/wasm-bindgen/releases/assets/545035796"
provenance = "github-attestations"

[[tools.maturin]]
version = "1.15.0"
backend = "github:PyO3/maturin"
specifiers = ["1.15.0"]

[tools.maturin."platforms.linux-arm64"]
checksum = "sha256:cd287a2c9dc69ab559670d245bfc9d3f5b0c9f184aa98ad0d8f826abc90c78dd"
url = "https://github.com/PyO3/maturin/releases/download/v1.15.0/maturin-aarch64-unknown-linux-musl.tar.gz"
url_api = "https://api.github.com/repos/PyO3/maturin/releases/assets/527562231"
provenance = "github-attestations"

[tools.maturin."platforms.linux-x64"]
checksum = "sha256:5a7d5226e83598b0c85881a0a03be16393ee2c0924b6f9d752951795825ac806"
url = "https://github.com/PyO3/maturin/releases/download/v1.15.0/maturin-x86_64-unknown-linux-musl.tar.gz"
url_api = "https://api.github.com/repos/PyO3/maturin/releases/assets/527562222"
provenance = "github-attestations"

[tools.maturin."platforms.macos-arm64"]
checksum = "sha256:d7a9ce82389e75aeaef8fdda43d35dbc956fac6a4b143a4c7b447b6ffadc7eaf"
url = "https://github.com/PyO3/maturin/releases/download/v1.15.0/maturin-aarch64-apple-darwin.tar.gz"
url_api = "https://api.github.com/repos/PyO3/maturin/releases/assets/527562235"
provenance = "github-attestations"

[tools.maturin."platforms.macos-x64"]
checksum = "sha256:d72809b92806a53bdc22074aeedc83af66f8bdb391e2c60bc72547c40ec10629"
url = "https://github.com/PyO3/maturin/releases/download/v1.15.0/maturin-x86_64-apple-darwin.tar.gz"
url_api = "https://api.github.com/repos/PyO3/maturin/releases/assets/527562233"
provenance = "github-attestations"

[tools.maturin."platforms.windows-arm64"]
checksum = "sha256:bbb9361d2101039a81423cd3d66d6b3e94365640104bb553ee25591989010953"
url = "https://github.com/PyO3/maturin/releases/download/v1.15.0/maturin-aarch64-pc-windows-msvc.zip"
url_api = "https://api.github.com/repos/PyO3/maturin/releases/assets/527562225"
provenance = "github-attestations"

[tools.maturin."platforms.windows-x64"]
checksum = "sha256:c645dc55f848205210552e77f744685c90c35ae81fd03e47a9887ebdc8ae8299"
url = "https://github.com/PyO3/maturin/releases/download/v1.15.0/maturin-x86_64-pc-windows-msvc.zip"
url_api = "https://api.github.com/repos/PyO3/maturin/releases/assets/527562239"
provenance = "github-attestations"

[[tools.node]]
version = "26.8.2"
backend = "core:node"
specifiers = ["26"]

[tools.node."platforms.linux-arm64"]
checksum = "sha256:746cdbf21565b4ea06f77642bb0e85466de8bb722242be2c5e006f272c361c63"
url = "https://nodejs.org/dist/v26.8.2/node-v26.8.2-linux-arm64.tar.gz"

[tools.node."platforms.linux-arm64-musl"]
checksum = "sha256:125437a0b59d69592b8f4bb813a47245337afac8c973d15ab7720f0ec55d182d"
url = "https://unofficial-builds.nodejs.org/download/release/v26.8.2/node-v26.8.2-linux-arm64-musl.tar.gz"

[tools.node."platforms.linux-x64"]
checksum = "sha256:badb3fe6a61b85e1352ca6564dc56b8b7bd5ecd5c474c52acc21dd0cdd586f35"
url = "https://nodejs.org/dist/v26.8.2/node-v26.8.2-linux-x64.tar.gz"

[tools.node."platforms.linux-x64-baseline"]
checksum = "sha256:badb3fe6a61b85e1352ca6564dc56b8b7bd5ecd5c474c52acc21dd0cdd586f35"
url = "https://nodejs.org/dist/v26.8.2/node-v26.8.2-linux-x64.tar.gz"

[tools.node."platforms.linux-x64-musl"]
checksum = "sha256:696eb0180248a06c9893f3f07bcc4e2680891c83118c73aaf1de330efd053910"
url = "https://unofficial-builds.nodejs.org/download/release/v26.8.2/node-v26.8.2-linux-x64-musl.tar.gz"

[tools.node."platforms.linux-x64-musl-baseline"]
checksum = "sha256:696eb0180248a06c9893f3f07bcc4e2680891c83118c73aaf1de330efd053910"
url = "https://unofficial-builds.nodejs.org/download/release/v26.8.2/node-v26.8.2-linux-x64-musl.tar.gz"

[tools.node."platforms.macos-arm64"]
checksum = "sha256:974b6d5fb2fc7c33ff2354db0902b4e91c2de01ec8acc6de48e543c97e18c9e1"
url = "https://nodejs.org/dist/v26.8.2/node-v26.8.2-darwin-arm64.tar.gz"

[tools.node."platforms.macos-x64"]
checksum = "sha256:adb8feb2d4987df3d72d2ec46f4fc4b58039c859b8c3f0e3cc2d3c6cbaf8629c"
url = "https://nodejs.org/dist/v26.8.2/node-v26.8.2-darwin-x64.tar.gz"

[tools.node."platforms.macos-x64-baseline"]
checksum = "sha256:adb8feb2d4987df3d72d2ec46f4fc4b58039c859b8c3f0e3cc2d3c6cbaf8629c"
url = "https://nodejs.org/dist/v26.8.2/node-v26.8.2-darwin-x64.tar.gz"

[tools.node."platforms.windows-arm64"]
checksum = "sha256:a4e8362e268f1fcf1735f046e0adb088b28eeb400fb1c33fe5cc94d1a3d42570"
url = "https://nodejs.org/dist/v26.8.2/node-v26.8.2-win-arm64.zip"

[tools.node."platforms.windows-x64"]
checksum = "sha256:cf02f5d0c06c794b84f277177d5cf3743d0924ca49f6641cd435dd7cb6ee9085"
url = "https://nodejs.org/dist/v26.8.2/node-v26.8.2-win-x64.zip"

[tools.node."platforms.windows-x64-baseline"]
checksum = "sha256:cf02f5d0c06c794b84f277177d5cf3743d0924ca49f6641cd435dd7cb6ee9085"
url = "https://nodejs.org/dist/v26.8.2/node-v26.8.2-win-x64.zip"

[[tools."pipx:codecov-cli"]]
version = "11.3.1"
backend = "pipx:codecov-cli"
specifiers = ["11.3.1"]

[[tools.python]]
version = "3.14.6"
backend = "core:python"
specifiers = ["3.14.6"]

[tools.python."platforms.linux-arm64"]
checksum = "sha256:8ad1ec529cd1708245e8661a463245fc1479c43cbfd66e58b095456ebf77180a"
url = "https://github.com/astral-sh/python-build-standalone/releases/download/20260804/cpython-3.14.6+20260804-aarch64-unknown-linux-gnu-install_only_stripped.tar.gz"
provenance = "github-attestations"

[tools.python."platforms.linux-arm64-musl"]
checksum = "sha256:85dbb537dc5d6679edabfb61cefdf2511d26cb8669662c4563202b0990e79b4a"
url = "https://github.com/astral-sh/python-build-standalone/releases/download/20260804/cpython-3.14.6+20260804-aarch64-unknown-linux-musl-install_only_stripped.tar.gz"
provenance = "github-attestations"

[tools.python."platforms.linux-x64"]
checksum = "sha256:ba960817e542642021135db330d875f410f4e14c64a62e2ae5faf3697ada08b2"
url = "https://github.com/astral-sh/python-build-standalone/releases/download/20260804/cpython-3.14.6+20260804-x86_64-unknown-linux-gnu-install_only_stripped.tar.gz"
provenance = "github-attestations"

[tools.python."platforms.linux-x64-baseline"]
checksum = "sha256:ba960817e542642021135db330d875f410f4e14c64a62e2ae5faf3697ada08b2"
url = "https://github.com/astral-sh/python-build-standalone/releases/download/20260804/cpython-3.14.6+20260804-x86_64-unknown-linux-gnu-install_only_stripped.tar.gz"
provenance = "github-attestations"

[tools.python."platforms.linux-x64-musl"]
checksum = "sha256:cbedbddcc6b2de99310015e629df67aeb732f622bbf258ec5d310757f85ab7ac"
url = "https://github.com/astral-sh/python-build-standalone/releases/download/20260804/cpython-3.14.6+20260804-x86_64-unknown-linux-musl-install_only_stripped.tar.gz"
provenance = "github-attestations"

[tools.python."platforms.linux-x64-musl-baseline"]
checksum = "sha256:cbedbddcc6b2de99310015e629df67aeb732f622bbf258ec5d310757f85ab7ac"
url = "https://github.com/astral-sh/python-build-standalone/releases/download/20260804/cpython-3.14.6+20260804-x86_64-unknown-linux-musl-install_only_stripped.tar.gz"
provenance = "github-attestations"

[tools.python."platforms.macos-arm64"]
checksum = "sha256:e0d4e5066aef3248c22e08a07546bfd5edeaca904c91fadc296be720998ec2ec"
url = "https://github.com/astral-sh/python-build-standalone/releases/download/20260804/cpython-3.14.6+20260804-aarch64-apple-darwin-install_only_stripped.tar.gz"
provenance = "github-attestations"

[tools.python."platforms.macos-x64"]
checksum = "sha256:78ded4c4f0b6a931240f09bd20608533bb40dd71c1ff953c7267359075ca8b16"
url = "https://github.com/astral-sh/python-build-standalone/releases/download/20260804/cpython-3.14.6+20260804-x86_64-apple-darwin-install_only_stripped.tar.gz"
provenance = "github-attestations"

[tools.python."platforms.macos-x64-baseline"]
checksum = "sha256:78ded4c4f0b6a931240f09bd20608533bb40dd71c1ff953c7267359075ca8b16"
url = "https://github.com/astral-sh/python-build-standalone/releases/download/20260804/cpython-3.14.6+20260804-x86_64-apple-darwin-install_only_stripped.tar.gz"
provenance = "github-attestations"

[tools.python."platforms.windows-arm64"]
checksum = "sha256:9e740b2f5ad73dde5167dc4b8035ce5ee4aa9014baa9e945c9d31c8ab14ea4f2"
url = "https://github.com/astral-sh/python-build-standalone/releases/download/20260804/cpython-3.14.6+20260804-aarch64-pc-windows-msvc-install_only_stripped.tar.gz"
provenance = "github-attestations"

[tools.python."platforms.windows-x64"]
checksum = "sha256:ada613a2af32c04cf7c54726243c56d76f0e59f5f61d2f28371d3b9d8efad566"
url = "https://github.com/astral-sh/python-build-standalone/releases/download/20260804/cpython-3.14.6+20260804-x86_64-pc-windows-msvc-install_only_stripped.tar.gz"
provenance = "github-attestations"

[tools.python."platforms.windows-x64-baseline"]
checksum = "sha256:ada613a2af32c04cf7c54726243c56d76f0e59f5f61d2f28371d3b9d8efad566"
url = "https://github.com/astral-sh/python-build-standalone/releases/download/20260804/cpython-3.14.6+20260804-x86_64-pc-windows-msvc-install_only_stripped.tar.gz"
provenance = "github-attestations"

[[tools.rust]]
version = "1.98.1"
backend = "core:rust"
specifiers = ["1.98.1"]

[tools.rust.options]
components = "clippy,rustfmt"
profile = "minimal"
targets = "wasm32-unknown-unknown"

[[tools.uv]]
version = "0.12.10"
backend = "aqua:astral-sh/uv"
specifiers = ["0.12.10"]

[tools.uv."platforms.linux-arm64"]
checksum = "sha256:9ff6b9d4665edcdd3a88dcc73cd1eb641754deb927f14e8c62ebfde6bf4f5f5e"
url = "https://github.com/astral-sh/uv/releases/download/0.12.10/uv-aarch64-unknown-linux-gnu.tar.gz"
url_api = "https://api.github.com/repos/astral-sh/uv/releases/assets/545034356"
provenance = "github-attestations"

[tools.uv."platforms.linux-arm64-musl"]
checksum = "sha256:3983cb642fae84eab33756109bb266f126eb61763d8d220dd662af589c5b3da5"
url = "https://github.com/astral-sh/uv/releases/download/0.12.10/uv-aarch64-unknown-linux-musl.tar.gz"
url_api = "https://api.github.com/repos/astral-sh/uv/releases/assets/545034364"
provenance = "github-attestations"

[tools.uv."platforms.linux-x64"]
checksum = "sha256:173d95a0c32d18c896c46ba6fafbf3cf9c14ab74b033f81b76c883ef492a976b"
url = "https://github.com/astral-sh/uv/releases/download/0.12.10/uv-x86_64-unknown-linux-gnu.tar.gz"
url_api = "https://api.github.com/repos/astral-sh/uv/releases/assets/545034465"
provenance = "github-attestations"

[tools.uv."platforms.linux-x64-baseline"]
checksum = "sha256:173d95a0c32d18c896c46ba6fafbf3cf9c14ab74b033f81b76c883ef492a976b"
url = "https://github.com/astral-sh/uv/releases/download/0.12.10/uv-x86_64-unknown-linux-gnu.tar.gz"
url_api = "https://api.github.com/repos/astral-sh/uv/releases/assets/545034465"
provenance = "github-attestations"

[tools.uv."platforms.linux-x64-musl"]
checksum = "sha256:848d0e261119e5b8f35db10164635e46a48bec29ceb1f8ec14a6fc76004973ee"
url = "https://github.com/astral-sh/uv/releases/download/0.12.10/uv-x86_64-unknown-linux-musl.tar.gz"
url_api = "https://api.github.com/repos/astral-sh/uv/releases/assets/545034473"
provenance = "github-attestations"

[tools.uv."platforms.linux-x64-musl-baseline"]
checksum = "sha256:848d0e261119e5b8f35db10164635e46a48bec29ceb1f8ec14a6fc76004973ee"
url = "https://github.com/astral-sh/uv/releases/download/0.12.10/uv-x86_64-unknown-linux-musl.tar.gz"
url_api = "https://api.github.com/repos/astral-sh/uv/releases/assets/545034473"
provenance = "github-attestations"

[tools.uv."platforms.macos-arm64"]
checksum = "sha256:51c6170e8e3a01cef9f33b94f582b7b81ac65046f55d40afb35f9cff5a68c179"
url = "https://github.com/astral-sh/uv/releases/download/0.12.10/uv-aarch64-apple-darwin.tar.gz"
url_api = "https://api.github.com/repos/astral-sh/uv/releases/assets/545034336"
provenance = "github-attestations"

[tools.uv."platforms.macos-x64"]
checksum = "sha256:5296d5aa2b9143360405eea866f8ef4d5dc8986b164eb0dc35e8f876a9304d30"
url = "https://github.com/astral-sh/uv/releases/download/0.12.10/uv-x86_64-apple-darwin.tar.gz"
url_api = "https://api.github.com/repos/astral-sh/uv/releases/assets/545034436"
provenance = "github-attestations"

[tools.uv."platforms.macos-x64-baseline"]
checksum = "sha256:5296d5aa2b9143360405eea866f8ef4d5dc8986b164eb0dc35e8f876a9304d30"
url = "https://github.com/astral-sh/uv/releases/download/0.12.10/uv-x86_64-apple-darwin.tar.gz"
url_api = "https://api.github.com/repos/astral-sh/uv/releases/assets/545034436"
provenance = "github-attestations"

[tools.uv."platforms.windows-arm64"]
checksum = "sha256:f65744f94072152b1f86ba2aace4d01f1124d9a8ecb235805039e3718c36cac2"
url = "https://github.com/astral-sh/uv/releases/download/0.12.10/uv-x86_64-pc-windows-msvc.zip"
url_api = "https://api.github.com/repos/astral-sh/uv/releases/assets/545034461"
provenance = "github-attestations"

[tools.uv."platforms.windows-x64"]
checksum = "sha256:f65744f94072152b1f86ba2aace4d01f1124d9a8ecb235805039e3718c36cac2"
url = "https://github.com/astral-sh/uv/releases/download/0.12.10/uv-x86_64-pc-windows-msvc.zip"
url_api = "https://api.github.com/repos/astral-sh/uv/releases/assets/545034461"
provenance = "github-attestations"

[tools.uv."platforms.windows-x64-baseline"]
checksum = "sha256:f65744f94072152b1f86ba2aace4d01f1124d9a8ecb235805039e3718c36cac2"
url = "https://github.com/astral-sh/uv/releases/download/0.12.10/uv-x86_64-pc-windows-msvc.zip"
url_api = "https://api.github.com/repos/astral-sh/uv/releases/assets/545034461"
provenance = "github-attestations"
