# @generated - this file is auto-generated by `mise lock` https://mise.jdx.dev/dev-tools/mise-lock.html

lockfile_version = 2

[[tools."aqua:WebAssembly/binaryen"]]
version = "133"
backend = "aqua:WebAssembly/binaryen"
specifiers = ["133"]

[tools."aqua:WebAssembly/binaryen"."platforms.linux-x64"]
checksum = "sha256:2dc9c7813f5375db93d96ead4b78222fcc3e2677bbb832297af4797782a37489"
url = "https://github.com/WebAssembly/binaryen/releases/download/version_133/binaryen-version_133-x86_64-linux.tar.gz"
url_api = "https://api.github.com/repos/WebAssembly/binaryen/releases/assets/580050094"

[tools."aqua:WebAssembly/binaryen"."platforms.macos-arm64"]
checksum = "sha256:ad66da82ac13f163e424b1643f16c6dfcccc98b5966296b43e52d3cab04f84a8"
url = "https://github.com/WebAssembly/binaryen/releases/download/version_133/binaryen-version_133-arm64-macos.tar.gz"
url_api = "https://api.github.com/repos/WebAssembly/binaryen/releases/assets/580039733"

[tools."aqua:WebAssembly/binaryen"."platforms.macos-x64"]
checksum = "sha256:13a9b90be775c6389ce3d1f879cb8627bea56708ba8c122983941d53a8199b95"
url = "https://github.com/WebAssembly/binaryen/releases/download/version_133/binaryen-version_133-x86_64-macos.tar.gz"
url_api = "https://api.github.com/repos/WebAssembly/binaryen/releases/assets/580039734"

[tools."aqua:WebAssembly/binaryen"."platforms.windows-arm64"]
checksum = "sha256:492a8e1847a0be1554bb9a7f384227981d60bc013aedc02d8ba1372c3943178c"
url = "https://github.com/WebAssembly/binaryen/releases/download/version_133/binaryen-version_133-arm64-windows.tar.gz"
url_api = "https://api.github.com/repos/WebAssembly/binaryen/releases/assets/580043231"

[tools."aqua:WebAssembly/binaryen"."platforms.windows-x64"]
checksum = "sha256:17a2cbeac6b5693c5fbafab3838d3c65fd9c1eb38b05f5baec6c657e8c84995b"
url = "https://github.com/WebAssembly/binaryen/releases/download/version_133/binaryen-version_133-x86_64-windows.tar.gz"
url_api = "https://api.github.com/repos/WebAssembly/binaryen/releases/assets/580050907"

[[tools."aqua:jqlang/jq"]]
version = "1.8.2"
backend = "aqua:jqlang/jq"
specifiers = ["1.8.2"]

[tools."aqua:jqlang/jq"."platforms.linux-arm64"]
checksum = "sha256:8b85c817833814ddca00a144c33705546355afccf0cf39b188f3cdb48b852309"
url = "https://github.com/jqlang/jq/releases/download/jq-1.8.2/jq-linux-arm64"
url_api = "https://api.github.com/repos/jqlang/jq/releases/assets/453012756"
provenance = "github-attestations"

[tools."aqua:jqlang/jq"."platforms.linux-x64"]
checksum = "sha256:b1c22172dd303f3be49e935aa56aa48a8b7a46e0bc838b4997d3bb451495870f"
url = "https://github.com/jqlang/jq/releases/download/jq-1.8.2/jq-linux-amd64"
url_api = "https://api.github.com/repos/jqlang/jq/releases/assets/453012752"
provenance = "github-attestations"

[tools."aqua:jqlang/jq"."platforms.macos-arm64"]
checksum = "sha256:2d75340ba57a4b4b4c8708a21c2dc8e958a48aaa8bba13b27f77f6e4c0eca07e"
url = "https://github.com/jqlang/jq/releases/download/jq-1.8.2/jq-macos-arm64"
url_api = "https://api.github.com/repos/jqlang/jq/releases/assets/453012783"
provenance = "github-attestations"

[tools."aqua:jqlang/jq"."platforms.macos-x64"]
checksum = "sha256:e94b266e3c26690550006abe63152b782280f4e14374accdf04cbde844f00bc0"
url = "https://github.com/jqlang/jq/releases/download/jq-1.8.2/jq-macos-amd64"
url_api = "https://api.github.com/repos/jqlang/jq/releases/assets/453012782"
provenance = "github-attestations"

[tools."aqua:jqlang/jq"."platforms.windows-arm64"]
checksum = "sha256:a6fc67fedaf9128a3309a1e2ebb8b986aeccf70122ee46d2cb4849e423f0c627"
url = "https://github.com/jqlang/jq/releases/download/jq-1.8.2/jq-windows-amd64.exe"
url_api = "https://api.github.com/repos/jqlang/jq/releases/assets/453012788"
provenance = "github-attestations"

[tools."aqua:jqlang/jq"."platforms.windows-x64"]
checksum = "sha256:a6fc67fedaf9128a3309a1e2ebb8b986aeccf70122ee46d2cb4849e423f0c627"
url = "https://github.com/jqlang/jq/releases/download/jq-1.8.2/jq-windows-amd64.exe"
url_api = "https://api.github.com/repos/jqlang/jq/releases/assets/453012788"
provenance = "github-attestations"

[[tools."aqua:lycheeverse/lychee"]]
version = "0.24.2"
backend = "aqua:lycheeverse/lychee"
specifiers = ["0.24.2"]

[tools."aqua:lycheeverse/lychee"."platforms.linux-arm64"]
checksum = "sha256:91a7bd65685da41b90ccb9bc867a3d649a7818042dae04ff405e55a25bddee4c"
url = "https://github.com/lycheeverse/lychee/releases/download/lychee-v0.24.2/lychee-aarch64-unknown-linux-gnu.tar.gz"
url_api = "https://api.github.com/repos/lycheeverse/lychee/releases/assets/409959442"

[tools."aqua:lycheeverse/lychee"."platforms.linux-arm64-musl"]
checksum = "sha256:5d0b0e3aeab240f41920c633a6eaf97599be6eedda034b36e858ede7dba5e535"
url = "https://github.com/lycheeverse/lychee/releases/download/lychee-v0.24.2/lychee-aarch64-unknown-linux-musl.tar.gz"
url_api = "https://api.github.com/repos/lycheeverse/lychee/releases/assets/409958602"

[tools."aqua:lycheeverse/lychee"."platforms.linux-x64"]
checksum = "sha256:1f4e0ef7f6554a6ed33dd7ac144fb2e1bbed98598e7af973042fc5cd43951c9a"
url = "https://github.com/lycheeverse/lychee/releases/download/lychee-v0.24.2/lychee-x86_64-unknown-linux-gnu.tar.gz"
url_api = "https://api.github.com/repos/lycheeverse/lychee/releases/assets/409959156"

[tools."aqua:lycheeverse/lychee"."platforms.linux-x64-baseline"]
checksum = "sha256:1f4e0ef7f6554a6ed33dd7ac144fb2e1bbed98598e7af973042fc5cd43951c9a"
url = "https://github.com/lycheeverse/lychee/releases/download/lychee-v0.24.2/lychee-x86_64-unknown-linux-gnu.tar.gz"
url_api = "https://api.github.com/repos/lycheeverse/lychee/releases/assets/409959156"

[tools."aqua:lycheeverse/lychee"."platforms.linux-x64-musl"]
checksum = "sha256:73657a111819a30c47c08352896796f23d64e4eb2b3ed39b6d32149241566fc5"
url = "https://github.com/lycheeverse/lychee/releases/download/lychee-v0.24.2/lychee-x86_64-unknown-linux-musl.tar.gz"
url_api = "https://api.github.com/repos/lycheeverse/lychee/releases/assets/409959271"

[tools."aqua:lycheeverse/lychee"."platforms.linux-x64-musl-baseline"]
checksum = "sha256:73657a111819a30c47c08352896796f23d64e4eb2b3ed39b6d32149241566fc5"
url = "https://github.com/lycheeverse/lychee/releases/download/lychee-v0.24.2/lychee-x86_64-unknown-linux-musl.tar.gz"
url_api = "https://api.github.com/repos/lycheeverse/lychee/releases/assets/409959271"

[tools."aqua:lycheeverse/lychee"."platforms.macos-arm64"]
checksum = "sha256:c9d3740ea2d891854d37116c9fba840f37b6e7c89d330e7db84ac333631c4977"
url = "https://github.com/lycheeverse/lychee/releases/download/lychee-v0.24.2/lychee-aarch64-apple-darwin.tar.gz"
url_api = "https://api.github.com/repos/lycheeverse/lychee/releases/assets/409957951"

[tools."aqua:lycheeverse/lychee"."platforms.macos-x64"]
checksum = "sha256:887503a9cff667d322b8d0892b40bf49976eb9507af8483220a3706cdad55978"
url = "https://github.com/lycheeverse/lychee/releases/download/lychee-v0.24.2/lychee-x86_64-apple-darwin.tar.gz"
url_api = "https://api.github.com/repos/lycheeverse/lychee/releases/assets/409957687"

[tools."aqua:lycheeverse/lychee"."platforms.macos-x64-baseline"]
checksum = "sha256:887503a9cff667d322b8d0892b40bf49976eb9507af8483220a3706cdad55978"
url = "https://github.com/lycheeverse/lychee/releases/download/lychee-v0.24.2/lychee-x86_64-apple-darwin.tar.gz"
url_api = "https://api.github.com/repos/lycheeverse/lychee/releases/assets/409957687"

[tools."aqua:lycheeverse/lychee"."platforms.windows-arm64"]
checksum = "sha256:32975d1493ee1a975d6bb41e4fb56fe419cb442ded628bb772ba2e614acfacad"
url = "https://github.com/lycheeverse/lychee/releases/download/lychee-v0.24.2/lychee-x86_64-pc-windows-msvc.zip"
url_api = "https://api.github.com/repos/lycheeverse/lychee/releases/assets/409959491"

[tools."aqua:lycheeverse/lychee"."platforms.windows-x64"]
checksum = "sha256:32975d1493ee1a975d6bb41e4fb56fe419cb442ded628bb772ba2e614acfacad"
url = "https://github.com/lycheeverse/lychee/releases/download/lychee-v0.24.2/lychee-x86_64-pc-windows-msvc.zip"
url_api = "https://api.github.com/repos/lycheeverse/lychee/releases/assets/409959491"

[tools."aqua:lycheeverse/lychee"."platforms.windows-x64-baseline"]
checksum = "sha256:32975d1493ee1a975d6bb41e4fb56fe419cb442ded628bb772ba2e614acfacad"
url = "https://github.com/lycheeverse/lychee/releases/download/lychee-v0.24.2/lychee-x86_64-pc-windows-msvc.zip"
url_api = "https://api.github.com/repos/lycheeverse/lychee/releases/assets/409959491"

[[tools."aqua:mitsuhiko/insta"]]
version = "1.48.0"
backend = "aqua:mitsuhiko/insta"
specifiers = ["1.48.0"]

[tools."aqua:mitsuhiko/insta"."platforms.linux-x64"]
checksum = "sha256:1c05a480a5a7f755f0ea15b2d8e2f71ad51b9c3a270d38ac72005c57ac0a1487"
url = "https://github.com/mitsuhiko/insta/releases/download/1.48.0/cargo-insta-x86_64-unknown-linux-gnu.tar.xz"
url_api = "https://api.github.com/repos/mitsuhiko/insta/releases/assets/444757866"

[tools."aqua:mitsuhiko/insta"."platforms.linux-x64-baseline"]
checksum = "sha256:1c05a480a5a7f755f0ea15b2d8e2f71ad51b9c3a270d38ac72005c57ac0a1487"
url = "https://github.com/mitsuhiko/insta/releases/download/1.48.0/cargo-insta-x86_64-unknown-linux-gnu.tar.xz"
url_api = "https://api.github.com/repos/mitsuhiko/insta/releases/assets/444757866"

[tools."aqua:mitsuhiko/insta"."platforms.linux-x64-musl"]
checksum = "sha256:703aa7d151ae59cac0bf8e7c2c27da4aca8070f3cb178f624ae10621ef77f5f5"
url = "https://github.com/mitsuhiko/insta/releases/download/1.48.0/cargo-insta-x86_64-unknown-linux-musl.tar.xz"
url_api = "https://api.github.com/repos/mitsuhiko/insta/releases/assets/444757872"

[tools."aqua:mitsuhiko/insta"."platforms.linux-x64-musl-baseline"]
checksum = "sha256:703aa7d151ae59cac0bf8e7c2c27da4aca8070f3cb178f624ae10621ef77f5f5"
url = "https://github.com/mitsuhiko/insta/releases/download/1.48.0/cargo-insta-x86_64-unknown-linux-musl.tar.xz"
url_api = "https://api.github.com/repos/mitsuhiko/insta/releases/assets/444757872"

[tools."aqua:mitsuhiko/insta"."platforms.macos-arm64"]
checksum = "sha256:26f081f5bf62d1dc03aae9c4137188d66a2debe6bcaf2884f2153fcb6eda27cb"
url = "https://github.com/mitsuhiko/insta/releases/download/1.48.0/cargo-insta-aarch64-apple-darwin.tar.xz"
url_api = "https://api.github.com/repos/mitsuhiko/insta/releases/assets/444757856"

[tools."aqua:mitsuhiko/insta"."platforms.macos-x64"]
checksum = "sha256:e2d6d6fa4bcb30f7d4834f6254a6da7f2982a9e9a3882695aca5e83d64231267"
url = "https://github.com/mitsuhiko/insta/releases/download/1.48.0/cargo-insta-x86_64-apple-darwin.tar.xz"
url_api = "https://api.github.com/repos/mitsuhiko/insta/releases/assets/444757859"

[tools."aqua:mitsuhiko/insta"."platforms.macos-x64-baseline"]
checksum = "sha256:e2d6d6fa4bcb30f7d4834f6254a6da7f2982a9e9a3882695aca5e83d64231267"
url = "https://github.com/mitsuhiko/insta/releases/download/1.48.0/cargo-insta-x86_64-apple-darwin.tar.xz"
url_api = "https://api.github.com/repos/mitsuhiko/insta/releases/assets/444757859"

[tools."aqua:mitsuhiko/insta"."platforms.windows-arm64"]
checksum = "sha256:7e23929588aaf5daff1e93bfc4addca7ccf55195444e84552b6588c9d864642e"
url = "https://github.com/mitsuhiko/insta/releases/download/1.48.0/cargo-insta-x86_64-pc-windows-msvc.zip"
url_api = "https://api.github.com/repos/mitsuhiko/insta/releases/assets/444757862"

[tools."aqua:mitsuhiko/insta"."platforms.windows-x64"]
checksum = "sha256:7e23929588aaf5daff1e93bfc4addca7ccf55195444e84552b6588c9d864642e"
url = "https://github.com/mitsuhiko/insta/releases/download/1.48.0/cargo-insta-x86_64-pc-windows-msvc.zip"
url_api = "https://api.github.com/repos/mitsuhiko/insta/releases/assets/444757862"

[tools."aqua:mitsuhiko/insta"."platforms.windows-x64-baseline"]
checksum = "sha256:7e23929588aaf5daff1e93bfc4addca7ccf55195444e84552b6588c9d864642e"
url = "https://github.com/mitsuhiko/insta/releases/download/1.48.0/cargo-insta-x86_64-pc-windows-msvc.zip"
url_api = "https://api.github.com/repos/mitsuhiko/insta/releases/assets/444757862"

[[tools."aqua:taiki-e/cargo-llvm-cov"]]
version = "0.9.1"
backend = "aqua:taiki-e/cargo-llvm-cov"
specifiers = ["0.9.1"]

[tools."aqua:taiki-e/cargo-llvm-cov"."platforms.linux-arm64"]
checksum = "sha256:abf5f13c1520f8756d2192bfaaeadb0208f5b7eaa8cadc15bf847befa42b7360"
url = "https://github.com/taiki-e/cargo-llvm-cov/releases/download/v0.9.1/cargo-llvm-cov-aarch64-unknown-linux-gnu.tar.gz"
url_api = "https://api.github.com/repos/taiki-e/cargo-llvm-cov/releases/assets/547403281"
provenance = "github-attestations"

[tools."aqua:taiki-e/cargo-llvm-cov"."platforms.linux-x64"]
checksum = "sha256:b3f68e625481fed9b16444174f3fa5ebcdbde4a1878803a35eabe2dcefcdc41a"
url = "https://github.com/taiki-e/cargo-llvm-cov/releases/download/v0.9.1/cargo-llvm-cov-x86_64-unknown-linux-gnu.tar.gz"
url_api = "https://api.github.com/repos/taiki-e/cargo-llvm-cov/releases/assets/547403171"
provenance = "github-attestations"

[tools."aqua:taiki-e/cargo-llvm-cov"."platforms.macos-arm64"]
checksum = "sha256:7e821a6c90c0884f79f759f5d9be50799ade67bb82515186d922f26032ef43b8"
url = "https://github.com/taiki-e/cargo-llvm-cov/releases/download/v0.9.1/cargo-llvm-cov-aarch64-apple-darwin.tar.gz"
url_api = "https://api.github.com/repos/taiki-e/cargo-llvm-cov/releases/assets/547403359"
provenance = "github-attestations"

[tools."aqua:taiki-e/cargo-llvm-cov"."platforms.macos-x64"]
checksum = "sha256:ddf949b82a63017441ea76aa068bdd7e2dde8055f47cd3ef736fdbbd633bc33e"
url = "https://github.com/taiki-e/cargo-llvm-cov/releases/download/v0.9.1/cargo-llvm-cov-x86_64-apple-darwin.tar.gz"
url_api = "https://api.github.com/repos/taiki-e/cargo-llvm-cov/releases/assets/547403156"
provenance = "github-attestations"

[tools."aqua:taiki-e/cargo-llvm-cov"."platforms.windows-arm64"]
checksum = "sha256:15eefd5b90fcdd4006b727c6e710d70a61aff509fcd7bb37f9c2a35c4f024948"
url = "https://github.com/taiki-e/cargo-llvm-cov/releases/download/v0.9.1/cargo-llvm-cov-x86_64-pc-windows-msvc.tar.gz"
url_api = "https://api.github.com/repos/taiki-e/cargo-llvm-cov/releases/assets/547404213"
provenance = "github-attestations"

[tools."aqua:taiki-e/cargo-llvm-cov"."platforms.windows-x64"]
checksum = "sha256:15eefd5b90fcdd4006b727c6e710d70a61aff509fcd7bb37f9c2a35c4f024948"
url = "https://github.com/taiki-e/cargo-llvm-cov/releases/download/v0.9.1/cargo-llvm-cov-x86_64-pc-windows-msvc.tar.gz"
url_api = "https://api.github.com/repos/taiki-e/cargo-llvm-cov/releases/assets/547404213"
provenance = "github-attestations"

[[tools.bun]]
version = "1.4.2"
backend = "core:bun"
specifiers = ["1.4.2"]

[tools.bun."platforms.linux-arm64"]
checksum = "sha256:54328bbc2d9c8e0c9f892c544d66c57a83b84139e34909e5ee81758f1ac8fda7"
url = "https://github.com/oven-sh/bun/releases/download/bun-v1.4.2/bun-linux-aarch64.zip"

[tools.bun."platforms.linux-arm64-musl"]
checksum = "sha256:71760b6c8ea30623b81a4907cb815d48e2ea266f2e73e751534a44a0607950df"
url = "https://github.com/oven-sh/bun/releases/download/bun-v1.4.2/bun-linux-aarch64-musl.zip"

[tools.bun."platforms.linux-x64"]
checksum = "sha256:36368faef7527875d5ffa52e53cd48021741f2a83eb6208a8dd64068d422a913"
url = "https://github.com/oven-sh/bun/releases/download/bun-v1.4.2/bun-linux-x64.zip"

[tools.bun."platforms.linux-x64-baseline"]
checksum = "sha256:c678040f14fe0440eb839d37cbd0ce4c051a32da72806ac97de6a6aab6bf728f"
url = "https://github.com/oven-sh/bun/releases/download/bun-v1.4.2/bun-linux-x64-baseline.zip"

[tools.bun."platforms.linux-x64-musl"]
checksum = "sha256:4835eca59d6da70f4674f5642f6e459dcadab773695b2ed9922d131057989742"
url = "https://github.com/oven-sh/bun/releases/download/bun-v1.4.2/bun-linux-x64-musl.zip"

[tools.bun."platforms.linux-x64-musl-baseline"]
checksum = "sha256:76e1db84e98f22f78de0a87e309bfbbf297732847f9720db36750646c85c8c18"
url = "https://github.com/oven-sh/bun/releases/download/bun-v1.4.2/bun-linux-x64-musl-baseline.zip"

[tools.bun."platforms.macos-arm64"]
checksum = "sha256:90987a3a16d7db556d886ac3d551e7b6d3edf0a1cf43acaed622e8676be1d12f"
url = "https://github.com/oven-sh/bun/releases/download/bun-v1.4.2/bun-darwin-aarch64.zip"

[tools.bun."platforms.macos-x64"]
checksum = "sha256:80520d7e17526308c9185d261679ac6d27798d3803a0e9f7ff9121ab8affb012"
url = "https://github.com/oven-sh/bun/releases/download/bun-v1.4.2/bun-darwin-x64.zip"

[tools.bun."platforms.macos-x64-baseline"]
checksum = "sha256:bad5bbd6cf14d0980d115f5954c9ff904df619d5e994d2da1ffccd3f316300b0"
url = "https://github.com/oven-sh/bun/releases/download/bun-v1.4.2/bun-darwin-x64-baseline.zip"

[tools.bun."platforms.windows-arm64"]
checksum = "sha256:a7a16b876a305fd1029c66dbd27007b4f6112ae896532f675878731a21e50cfd"
url = "https://github.com/oven-sh/bun/releases/download/bun-v1.4.2/bun-windows-aarch64.zip"

[tools.bun."platforms.windows-x64"]
checksum = "sha256:ce4c17497b2f29712a99d3d53f028de28cd42e3bacb8589599e7f000e49b6405"
url = "https://github.com/oven-sh/bun/releases/download/bun-v1.4.2/bun-windows-x64.zip"

[tools.bun."platforms.windows-x64-baseline"]
checksum = "sha256:78c221c2376f79731ccf4e4af0b3bb46d81fefa3296c5abee09ad8a1b21e68c6"
url = "https://github.com/oven-sh/bun/releases/download/bun-v1.4.2/bun-windows-x64-baseline.zip"

[[tools."cargo:cargo-bloat"]]
version = "0.12.1"
backend = "cargo:cargo-bloat"
specifiers = ["0.12.1"]

[[tools."cargo:cargo-llvm-lines"]]
version = "0.4.48"
backend = "cargo:cargo-llvm-lines"
specifiers = ["0.4.48"]

[[tools."cargo:twiggy"]]
version = "0.8.0"
backend = "cargo:twiggy"
specifiers = ["0.8.0"]

[[tools."github:bnjbvr/cargo-machete"]]
version = "0.9.2"
backend = "github:bnjbvr/cargo-machete"
specifiers = ["0.9.2"]

[tools."github:bnjbvr/cargo-machete"."platforms.linux-arm64"]
checksum = "sha256:6f96c3e6026a5bdd241b6ae600c6fb86c9197c6e189a894f91371baa01fd10f5"
url = "https://github.com/bnjbvr/cargo-machete/releases/download/v0.9.2/cargo-machete-v0.9.2-aarch64-unknown-linux-gnu.tar.gz"
url_api = "https://api.github.com/repos/bnjbvr/cargo-machete/releases/assets/397130991"

[tools."github:bnjbvr/cargo-machete"."platforms.linux-arm64-musl"]
checksum = "sha256:6f96c3e6026a5bdd241b6ae600c6fb86c9197c6e189a894f91371baa01fd10f5"
url = "https://github.com/bnjbvr/cargo-machete/releases/download/v0.9.2/cargo-machete-v0.9.2-aarch64-unknown-linux-gnu.tar.gz"
url_api = "https://api.github.com/repos/bnjbvr/cargo-machete/releases/assets/397130991"

[tools."github:bnjbvr/cargo-machete"."platforms.linux-x64"]
checksum = "sha256:48200087f54c55aabcd4db4af1e25742b49846c02a1b1bfa134711945b35b2e9"
url = "https://github.com/bnjbvr/cargo-machete/releases/download/v0.9.2/cargo-machete-v0.9.2-x86_64-unknown-linux-musl.tar.gz"
url_api = "https://api.github.com/repos/bnjbvr/cargo-machete/releases/assets/397131172"

[tools."github:bnjbvr/cargo-machete"."platforms.linux-x64-baseline"]
checksum = "sha256:48200087f54c55aabcd4db4af1e25742b49846c02a1b1bfa134711945b35b2e9"
url = "https://github.com/bnjbvr/cargo-machete/releases/download/v0.9.2/cargo-machete-v0.9.2-x86_64-unknown-linux-musl.tar.gz"
url_api = "https://api.github.com/repos/bnjbvr/cargo-machete/releases/assets/397131172"

[tools."github:bnjbvr/cargo-machete"."platforms.linux-x64-musl"]
checksum = "sha256:48200087f54c55aabcd4db4af1e25742b49846c02a1b1bfa134711945b35b2e9"
url = "https://github.com/bnjbvr/cargo-machete/releases/download/v0.9.2/cargo-machete-v0.9.2-x86_64-unknown-linux-musl.tar.gz"
url_api = "https://api.github.com/repos/bnjbvr/cargo-machete/releases/assets/397131172"

[tools."github:bnjbvr/cargo-machete"."platforms.linux-x64-musl-baseline"]
checksum = "sha256:48200087f54c55aabcd4db4af1e25742b49846c02a1b1bfa134711945b35b2e9"
url = "https://github.com/bnjbvr/cargo-machete/releases/download/v0.9.2/cargo-machete-v0.9.2-x86_64-unknown-linux-musl.tar.gz"
url_api = "https://api.github.com/repos/bnjbvr/cargo-machete/releases/assets/397131172"

[tools."github:bnjbvr/cargo-machete"."platforms.macos-arm64"]
checksum = "sha256:63e28fee386d82d33f2d12406c857f98e2d4697f3f7df7f71f34dff07fca0fde"
url = "https://github.com/bnjbvr/cargo-machete/releases/download/v0.9.2/cargo-machete-v0.9.2-aarch64-apple-darwin.tar.gz"
url_api = "https://api.github.com/repos/bnjbvr/cargo-machete/releases/assets/397131114"

[tools."github:bnjbvr/cargo-machete"."platforms.macos-x64"]
checksum = "sha256:3e8cb936c9b820f84d047a2b5be8b229b2be67bf2467014885376a6faffdcac3"
url = "https://github.com/bnjbvr/cargo-machete/releases/download/v0.9.2/cargo-machete-v0.9.2-x86_64-apple-darwin.tar.gz"
url_api = "https://api.github.com/repos/bnjbvr/cargo-machete/releases/assets/397131140"

[tools."github:bnjbvr/cargo-machete"."platforms.macos-x64-baseline"]
checksum = "sha256:3e8cb936c9b820f84d047a2b5be8b229b2be67bf2467014885376a6faffdcac3"
url = "https://github.com/bnjbvr/cargo-machete/releases/download/v0.9.2/cargo-machete-v0.9.2-x86_64-apple-darwin.tar.gz"
url_api = "https://api.github.com/repos/bnjbvr/cargo-machete/releases/assets/397131140"

[tools."github:bnjbvr/cargo-machete"."platforms.windows-x64"]
checksum = "sha256:996120ac70afe405c58fce508a476f25bb71032c6fb8013aa0123bba36429c76"
url = "https://github.com/bnjbvr/cargo-machete/releases/download/v0.9.2/cargo-machete-v0.9.2-x86_64-pc-windows-msvc.tar.gz"
url_api = "https://api.github.com/repos/bnjbvr/cargo-machete/releases/assets/397131414"

[tools."github:bnjbvr/cargo-machete"."platforms.windows-x64-baseline"]
checksum = "sha256:996120ac70afe405c58fce508a476f25bb71032c6fb8013aa0123bba36429c76"
url = "https://github.com/bnjbvr/cargo-machete/releases/download/v0.9.2/cargo-machete-v0.9.2-x86_64-pc-windows-msvc.tar.gz"
url_api = "https://api.github.com/repos/bnjbvr/cargo-machete/releases/assets/397131414"

[[tools."github:codecov/codecov-cli"]]
version = "11.3.1"
backend = "github:codecov/codecov-cli"
specifiers = ["11.3.1"]

[tools."github:codecov/codecov-cli".options]
matching_regex = "^codecovcli_(linux|macos|windows)"

[tools."github:codecov/codecov-cli"."platforms.linux-arm64"]
checksum = "sha256:baff0923257c20b8594154c9651e7a6848f9783dc4392c6ce71791fec11a5913"
url = "https://github.com/codecov/codecov-cli/releases/download/v11.3.1/codecovcli_linux_arm64"
url_api = "https://api.github.com/repos/codecov/codecov-cli/releases/assets/470877788"

[tools."github:codecov/codecov-cli"."platforms.linux-x64"]
checksum = "sha256:ca1d64196d2d34771084afe76ea657d581bf628e31d993ff8e52ea09cc88a56d"
url = "https://github.com/codecov/codecov-cli/releases/download/v11.3.1/codecovcli_linux"
url_api = "https://api.github.com/repos/codecov/codecov-cli/releases/assets/470877726"

[tools."github:codecov/codecov-cli"."platforms.macos-arm64"]
checksum = "sha256:ffb2b821551076b69d3267508b2d5dc10925c821c436521f2216f5ead62cb138"
url = "https://github.com/codecov/codecov-cli/releases/download/v11.3.1/codecovcli_macos"
url_api = "https://api.github.com/repos/codecov/codecov-cli/releases/assets/470877460"

[tools."github:codecov/codecov-cli"."platforms.macos-x64"]
checksum = "sha256:ffb2b821551076b69d3267508b2d5dc10925c821c436521f2216f5ead62cb138"
url = "https://github.com/codecov/codecov-cli/releases/download/v11.3.1/codecovcli_macos"
url_api = "https://api.github.com/repos/codecov/codecov-cli/releases/assets/470877460"

[tools."github:codecov/codecov-cli"."platforms.windows-arm64"]
checksum = "sha256:d43733506ed2561533a7182ed5c4c2b23711dda1f03cbe9d120bcc888ac4e10a"
url = "https://github.com/codecov/codecov-cli/releases/download/v11.3.1/codecovcli_windows.exe"
url_api = "https://api.github.com/repos/codecov/codecov-cli/releases/assets/470877786"

[tools."github:codecov/codecov-cli"."platforms.windows-x64"]
checksum = "sha256:d43733506ed2561533a7182ed5c4c2b23711dda1f03cbe9d120bcc888ac4e10a"
url = "https://github.com/codecov/codecov-cli/releases/download/v11.3.1/codecovcli_windows.exe"
url_api = "https://api.github.com/repos/codecov/codecov-cli/releases/assets/470877786"

[[tools."github:mstange/samply"]]
version = "0.13.1"
backend = "github:mstange/samply"
specifiers = ["0.13.1"]

[tools."github:mstange/samply".options]
version_prefix = "samply-v"

[tools."github:mstange/samply"."platforms.linux-arm64"]
checksum = "sha256:aa465162b62830168775b7ff4804bc35049436dcbc29bb3d1ea9f580380ea06a"
url = "https://github.com/mstange/samply/releases/download/samply-v0.13.1/samply-aarch64-unknown-linux-gnu.tar.xz"
url_api = "https://api.github.com/repos/mstange/samply/releases/assets/225379066"

[tools."github:mstange/samply"."platforms.linux-x64"]
checksum = "sha256:61875daad67888798690dea3cb2748279df6ac299c5c6a857d67eed7642473d9"
url = "https://github.com/mstange/samply/releases/download/samply-v0.13.1/samply-x86_64-unknown-linux-gnu.tar.xz"
url_api = "https://api.github.com/repos/mstange/samply/releases/assets/225379074"

[tools."github:mstange/samply"."platforms.macos-arm64"]
checksum = "sha256:7597239aa3769e75058be5ed359dbfe067f5e7714a5f052c45dd81d509aec17f"
url = "https://github.com/mstange/samply/releases/download/samply-v0.13.1/samply-aarch64-apple-darwin.tar.xz"
url_api = "https://api.github.com/repos/mstange/samply/releases/assets/225379067"

[tools."github:mstange/samply"."platforms.macos-x64"]
checksum = "sha256:a57f05f9162d06c36df6d51425d976ac774a8cd6dbd84050e6303fa8bf813998"
url = "https://github.com/mstange/samply/releases/download/samply-v0.13.1/samply-x86_64-apple-darwin.tar.xz"
url_api = "https://api.github.com/repos/mstange/samply/releases/assets/225379070"

[tools."github:mstange/samply"."platforms.windows-x64"]
checksum = "sha256:8fed74dac18197bbb2520125b0199255e09709bed7903a7672a06225a5d7e976"
url = "https://github.com/mstange/samply/releases/download/samply-v0.13.1/samply-x86_64-pc-windows-msvc.zip"
url_api = "https://api.github.com/repos/mstange/samply/releases/assets/225379071"

[[tools."github:rustwasm/wasm-bindgen"]]
version = "0.2.128"
backend = "github:rustwasm/wasm-bindgen"
specifiers = ["0.2.128"]

[tools."github:rustwasm/wasm-bindgen"."platforms.linux-arm64"]
checksum = "sha256:2f61267bbef279c2d6357b199649468b073223febde4ae108d30ac3d6b5540af"
url = "https://github.com/wasm-bindgen/wasm-bindgen/releases/download/0.2.128/wasm-bindgen-0.2.128-aarch64-unknown-linux-gnu.tar.gz"
url_api = "https://api.github.com/repos/wasm-bindgen/wasm-bindgen/releases/assets/545035805"
provenance = "github-attestations"

[tools."github:rustwasm/wasm-bindgen"."platforms.linux-x64"]
checksum = "sha256:b51f0208fdff83515a787bd8ab9ac5865ed84dabb66d0c709957bb59793c645f"
url = "https://github.com/wasm-bindgen/wasm-bindgen/releases/download/0.2.128/wasm-bindgen-0.2.128-x86_64-unknown-linux-musl.tar.gz"
url_api = "https://api.github.com/repos/wasm-bindgen/wasm-bindgen/releases/assets/545035799"
provenance = "github-attestations"

[tools."github:rustwasm/wasm-bindgen"."platforms.macos-arm64"]
checksum = "sha256:67ba17f260977725c0b541b516dbb5153538140f079a900329fb6077661b47ab"
url = "https://github.com/wasm-bindgen/wasm-bindgen/releases/download/0.2.128/wasm-bindgen-0.2.128-aarch64-apple-darwin.tar.gz"
url_api = "https://api.github.com/repos/wasm-bindgen/wasm-bindgen/releases/assets/545035806"
provenance = "github-attestations"

[tools."github:rustwasm/wasm-bindgen"."platforms.macos-x64"]
checksum = "sha256:59d9af11d0a61b8019898d555de31153c3a50e7f1797e9849fb38589d16add43"
url = "https://github.com/wasm-bindgen/wasm-bindgen/releases/download/0.2.128/wasm-bindgen-0.2.128-x86_64-apple-darwin.tar.gz"
url_api = "https://api.github.com/repos/wasm-bindgen/wasm-bindgen/releases/assets/545035803"
provenance = "github-attestations"

[tools."github:rustwasm/wasm-bindgen"."platforms.windows-x64"]
checksum = "sha256:8fd8e2165da16b21ee3f5efd19e7f97d8d27cb7832f54edaef4b18e830283ec0"
url = "https://github.com/wasm-bindgen/wasm-bindgen/releases/download/0.2.128/wasm-bindgen-0.2.128-x86_64-pc-windows-msvc.tar.gz"
url_api = "https://api.github.com/repos/wasm-bindgen/wasm-bindgen/releases/assets/545035796"
provenance = "github-attestations"

[[tools."github:sharkdp/hyperfine"]]
version = "1.20.0"
backend = "github:sharkdp/hyperfine"
specifiers = ["1.20.0"]

[tools."github:sharkdp/hyperfine"."platforms.linux-arm64"]
checksum = "sha256:90875cb1db7a1d797c311174d061728361e58fc70e3b62262a00635ac3b1997c"
url = "https://github.com/sharkdp/hyperfine/releases/download/v1.20.0/hyperfine-v1.20.0-aarch64-unknown-linux-gnu.tar.gz"
url_api = "https://api.github.com/repos/sharkdp/hyperfine/releases/assets/317832112"

[tools."github:sharkdp/hyperfine"."platforms.linux-x64"]
checksum = "sha256:63ad53934062118f5b0be11785e0bb1603d4b91667d1921f2fd8df9a8712040a"
url = "https://github.com/sharkdp/hyperfine/releases/download/v1.20.0/hyperfine-v1.20.0-x86_64-unknown-linux-gnu.tar.gz"
url_api = "https://api.github.com/repos/sharkdp/hyperfine/releases/assets/317831911"

[tools."github:sharkdp/hyperfine"."platforms.macos-arm64"]
checksum = "sha256:8ee7067016620447c9d2d6234ec9a4680f958b7ad983549b56334668f63075b5"
url = "https://github.com/sharkdp/hyperfine/releases/download/v1.20.0/hyperfine-v1.20.0-aarch64-apple-darwin.tar.gz"
url_api = "https://api.github.com/repos/sharkdp/hyperfine/releases/assets/317831785"

[tools."github:sharkdp/hyperfine"."platforms.macos-x64"]
checksum = "sha256:f58d0b90993fadfa122a351428c469ce24afef3865f027f0e6e86f0830d088f1"
url = "https://github.com/sharkdp/hyperfine/releases/download/v1.20.0/hyperfine-v1.20.0-x86_64-apple-darwin.tar.gz"
url_api = "https://api.github.com/repos/sharkdp/hyperfine/releases/assets/317832526"

[tools."github:sharkdp/hyperfine"."platforms.windows-x64"]
checksum = "sha256:2508c549b049b1d4342d08edc1cb42bfac169082b6e3069431b5bab9822dbb32"
url = "https://github.com/sharkdp/hyperfine/releases/download/v1.20.0/hyperfine-v1.20.0-x86_64-pc-windows-msvc.zip"
url_api = "https://api.github.com/repos/sharkdp/hyperfine/releases/assets/317832313"

[[tools.maturin]]
version = "1.15.0"
backend = "github:PyO3/maturin"
specifiers = ["1.15.0"]

[tools.maturin."platforms.linux-arm64"]
checksum = "sha256:cd287a2c9dc69ab559670d245bfc9d3f5b0c9f184aa98ad0d8f826abc90c78dd"
url = "https://github.com/PyO3/maturin/releases/download/v1.15.0/maturin-aarch64-unknown-linux-musl.tar.gz"
url_api = "https://api.github.com/repos/PyO3/maturin/releases/assets/527562231"
provenance = "github-attestations"

[tools.maturin."platforms.linux-x64"]
checksum = "sha256:5a7d5226e83598b0c85881a0a03be16393ee2c0924b6f9d752951795825ac806"
url = "https://github.com/PyO3/maturin/releases/download/v1.15.0/maturin-x86_64-unknown-linux-musl.tar.gz"
url_api = "https://api.github.com/repos/PyO3/maturin/releases/assets/527562222"
provenance = "github-attestations"

[tools.maturin."platforms.macos-arm64"]
checksum = "sha256:d7a9ce82389e75aeaef8fdda43d35dbc956fac6a4b143a4c7b447b6ffadc7eaf"
url = "https://github.com/PyO3/maturin/releases/download/v1.15.0/maturin-aarch64-apple-darwin.tar.gz"
url_api = "https://api.github.com/repos/PyO3/maturin/releases/assets/527562235"
provenance = "github-attestations"

[tools.maturin."platforms.macos-x64"]
checksum = "sha256:d72809b92806a53bdc22074aeedc83af66f8bdb391e2c60bc72547c40ec10629"
url = "https://github.com/PyO3/maturin/releases/download/v1.15.0/maturin-x86_64-apple-darwin.tar.gz"
url_api = "https://api.github.com/repos/PyO3/maturin/releases/assets/527562233"
provenance = "github-attestations"

[tools.maturin."platforms.windows-arm64"]
checksum = "sha256:bbb9361d2101039a81423cd3d66d6b3e94365640104bb553ee25591989010953"
url = "https://github.com/PyO3/maturin/releases/download/v1.15.0/maturin-aarch64-pc-windows-msvc.zip"
url_api = "https://api.github.com/repos/PyO3/maturin/releases/assets/527562225"
provenance = "github-attestations"

[tools.maturin."platforms.windows-x64"]
checksum = "sha256:c645dc55f848205210552e77f744685c90c35ae81fd03e47a9887ebdc8ae8299"
url = "https://github.com/PyO3/maturin/releases/download/v1.15.0/maturin-x86_64-pc-windows-msvc.zip"
url_api = "https://api.github.com/repos/PyO3/maturin/releases/assets/527562239"
provenance = "github-attestations"

[[tools.node]]
version = "26.10.0"
backend = "core:node"
specifiers = ["26.10.0"]

[tools.node."platforms.linux-arm64"]
checksum = "sha256:423a41bff8e2a2fa15e702fefe2919ef95823b2378744daccb8439302534b44f"
url = "https://nodejs.org/dist/v26.10.0/node-v26.10.0-linux-arm64.tar.gz"

[tools.node."platforms.linux-x64"]
checksum = "sha256:cb5c9ce9c80d7b8821e3a258543c71b939138cf17c74d5cc44bbe85d6dbc5ad8"
url = "https://nodejs.org/dist/v26.10.0/node-v26.10.0-linux-x64.tar.gz"

[tools.node."platforms.macos-arm64"]
checksum = "sha256:751fdf7439f115d87ee2a8f3f18c065b6151852068e3e666ac60ac2996f75ac9"
url = "https://nodejs.org/dist/v26.10.0/node-v26.10.0-darwin-arm64.tar.gz"

[tools.node."platforms.macos-x64"]
checksum = "sha256:ebbe9ab9b58ad6bb54390d6e2c862c1afa7d4475fb7e8ae8146acde211bf70df"
url = "https://nodejs.org/dist/v26.10.0/node-v26.10.0-darwin-x64.tar.gz"

[tools.node."platforms.windows-arm64"]
checksum = "sha256:b778640d7271566bcaa9679912cdf0684c13e824c114e41a8b696fb14af7a7aa"
url = "https://nodejs.org/dist/v26.10.0/node-v26.10.0-win-arm64.zip"

[tools.node."platforms.windows-x64"]
checksum = "sha256:9fef7eca6743a6b910989cd8e78712376b394fcb9b6e1e9c44a0799a287f90c5"
url = "https://nodejs.org/dist/v26.10.0/node-v26.10.0-win-x64.zip"

[[tools.python]]
version = "3.14.6"
backend = "core:python"
specifiers = ["3.14.6"]

[tools.python."platforms.linux-arm64"]
checksum = "sha256:8ad1ec529cd1708245e8661a463245fc1479c43cbfd66e58b095456ebf77180a"
url = "https://github.com/astral-sh/python-build-standalone/releases/download/20260804/cpython-3.14.6+20260804-aarch64-unknown-linux-gnu-install_only_stripped.tar.gz"
provenance = "github-attestations"

[tools.python."platforms.linux-arm64-musl"]
checksum = "sha256:85dbb537dc5d6679edabfb61cefdf2511d26cb8669662c4563202b0990e79b4a"
url = "https://github.com/astral-sh/python-build-standalone/releases/download/20260804/cpython-3.14.6+20260804-aarch64-unknown-linux-musl-install_only_stripped.tar.gz"
provenance = "github-attestations"

[tools.python."platforms.linux-x64"]
checksum = "sha256:ba960817e542642021135db330d875f410f4e14c64a62e2ae5faf3697ada08b2"
url = "https://github.com/astral-sh/python-build-standalone/releases/download/20260804/cpython-3.14.6+20260804-x86_64-unknown-linux-gnu-install_only_stripped.tar.gz"
provenance = "github-attestations"

[tools.python."platforms.linux-x64-baseline"]
checksum = "sha256:ba960817e542642021135db330d875f410f4e14c64a62e2ae5faf3697ada08b2"
url = "https://github.com/astral-sh/python-build-standalone/releases/download/20260804/cpython-3.14.6+20260804-x86_64-unknown-linux-gnu-install_only_stripped.tar.gz"
provenance = "github-attestations"

[tools.python."platforms.linux-x64-musl"]
checksum = "sha256:cbedbddcc6b2de99310015e629df67aeb732f622bbf258ec5d310757f85ab7ac"
url = "https://github.com/astral-sh/python-build-standalone/releases/download/20260804/cpython-3.14.6+20260804-x86_64-unknown-linux-musl-install_only_stripped.tar.gz"
provenance = "github-attestations"

[tools.python."platforms.linux-x64-musl-baseline"]
checksum = "sha256:cbedbddcc6b2de99310015e629df67aeb732f622bbf258ec5d310757f85ab7ac"
url = "https://github.com/astral-sh/python-build-standalone/releases/download/20260804/cpython-3.14.6+20260804-x86_64-unknown-linux-musl-install_only_stripped.tar.gz"
provenance = "github-attestations"

[tools.python."platforms.macos-arm64"]
checksum = "sha256:e0d4e5066aef3248c22e08a07546bfd5edeaca904c91fadc296be720998ec2ec"
url = "https://github.com/astral-sh/python-build-standalone/releases/download/20260804/cpython-3.14.6+20260804-aarch64-apple-darwin-install_only_stripped.tar.gz"
provenance = "github-attestations"

[tools.python."platforms.macos-x64"]
checksum = "sha256:78ded4c4f0b6a931240f09bd20608533bb40dd71c1ff953c7267359075ca8b16"
url = "https://github.com/astral-sh/python-build-standalone/releases/download/20260804/cpython-3.14.6+20260804-x86_64-apple-darwin-install_only_stripped.tar.gz"
provenance = "github-attestations"

[tools.python."platforms.macos-x64-baseline"]
checksum = "sha256:78ded4c4f0b6a931240f09bd20608533bb40dd71c1ff953c7267359075ca8b16"
url = "https://github.com/astral-sh/python-build-standalone/releases/download/20260804/cpython-3.14.6+20260804-x86_64-apple-darwin-install_only_stripped.tar.gz"
provenance = "github-attestations"

[tools.python."platforms.windows-arm64"]
checksum = "sha256:9e740b2f5ad73dde5167dc4b8035ce5ee4aa9014baa9e945c9d31c8ab14ea4f2"
url = "https://github.com/astral-sh/python-build-standalone/releases/download/20260804/cpython-3.14.6+20260804-aarch64-pc-windows-msvc-install_only_stripped.tar.gz"
provenance = "github-attestations"

[tools.python."platforms.windows-x64"]
checksum = "sha256:ada613a2af32c04cf7c54726243c56d76f0e59f5f61d2f28371d3b9d8efad566"
url = "https://github.com/astral-sh/python-build-standalone/releases/download/20260804/cpython-3.14.6+20260804-x86_64-pc-windows-msvc-install_only_stripped.tar.gz"
provenance = "github-attestations"

[tools.python."platforms.windows-x64-baseline"]
checksum = "sha256:ada613a2af32c04cf7c54726243c56d76f0e59f5f61d2f28371d3b9d8efad566"
url = "https://github.com/astral-sh/python-build-standalone/releases/download/20260804/cpython-3.14.6+20260804-x86_64-pc-windows-msvc-install_only_stripped.tar.gz"
provenance = "github-attestations"

[[tools.rust]]
version = "1.98.1"
backend = "core:rust"
specifiers = ["1.98.1"]

[tools.rust.options]
components = "clippy,rustfmt"
profile = "minimal"
targets = "wasm32-unknown-unknown"

[[tools.uv]]
version = "0.12.17"
backend = "aqua:astral-sh/uv"
specifiers = ["0.12.17"]

[tools.uv."platforms.linux-arm64"]
checksum = "sha256:d636d1b678e9e7f367ecb22b46bd1cabbed234d6bc3b4d96365d2b507f72f86c"
url = "https://github.com/astral-sh/uv/releases/download/0.12.17/uv-aarch64-unknown-linux-gnu.tar.gz"
url_api = "https://api.github.com/repos/astral-sh/uv/releases/assets/573252936"
provenance = "github-attestations"

[tools.uv."platforms.linux-x64"]
checksum = "sha256:fa82fd8dde8e8eefdecada6aa0889666556cfceb690d06e0c3bca49eb3070a63"
url = "https://github.com/astral-sh/uv/releases/download/0.12.17/uv-x86_64-unknown-linux-gnu.tar.gz"
url_api = "https://api.github.com/repos/astral-sh/uv/releases/assets/573253080"
provenance = "github-attestations"

[tools.uv."platforms.macos-arm64"]
checksum = "sha256:85f00cbdc6dd3e97eba4c31b4d014375a9fdfe8f570023b84e5102fc3456896b"
url = "https://github.com/astral-sh/uv/releases/download/0.12.17/uv-aarch64-apple-darwin.tar.gz"
url_api = "https://api.github.com/repos/astral-sh/uv/releases/assets/573252913"
provenance = "github-attestations"

[tools.uv."platforms.macos-x64"]
checksum = "sha256:8dcf05a8c809bb3c471d2b614788ba27a6e41298fc8c31ac84b5f4339fd468e5"
url = "https://github.com/astral-sh/uv/releases/download/0.12.17/uv-x86_64-apple-darwin.tar.gz"
url_api = "https://api.github.com/repos/astral-sh/uv/releases/assets/573253060"
provenance = "github-attestations"

[tools.uv."platforms.windows-arm64"]
checksum = "sha256:a252121d5b59398fcb137c6ea448176459a44010f33f67e0072305a637119ca7"
url = "https://github.com/astral-sh/uv/releases/download/0.12.17/uv-x86_64-pc-windows-msvc.zip"
url_api = "https://api.github.com/repos/astral-sh/uv/releases/assets/573253071"
provenance = "github-attestations"

[tools.uv."platforms.windows-x64"]
checksum = "sha256:a252121d5b59398fcb137c6ea448176459a44010f33f67e0072305a637119ca7"
url = "https://github.com/astral-sh/uv/releases/download/0.12.17/uv-x86_64-pc-windows-msvc.zip"
url_api = "https://api.github.com/repos/astral-sh/uv/releases/assets/573253071"
provenance = "github-attestations"
